
Microsoft Visual Studio Solution File, Format Version 12.00
# Visual Studio Version 16
VisualStudioVersion = 16.0.30114.105
MinimumVisualStudioVersion = 10.0.40219.1
Project("{FAE04EC0-301F-11D3-BF4B-00C04F79EFBC}") = "Agenda", "Agenda.csproj", "{4505B3C0-E1C5-41BF-9CA1-6150888A2B77}"
EndProject
Global
	GlobalSection(SolutionConfigurationPlatforms) = preSolution
		Debug|Any CPU = Debug|Any CPU
		Release|Any CPU = Release|Any CPU
	EndGlobalSection
	GlobalSection(ProjectConfigurationPlatforms) = postSolution
		{4505B3C0-E1C5-41BF-9CA1-6150888A2B77}.Debug|Any CPU.ActiveCfg = Debug|Any CPU
		{4505B3C0-E1C5-41BF-9CA1-6150888A2B77}.Debug|Any CPU.Build.0 = Debug|Any CPU
		{4505B3C0-E1C5-41BF-9CA1-6150888A2B77}.Release|Any CPU.ActiveCfg = Release|Any CPU
		{4505B3C0-E1C5-41BF-9CA1-6150888A2B77}.Release|Any CPU.Build.0 = Release|Any CPU
	EndGlobalSection
	GlobalSection(SolutionProperties) = preSolution
		HideSolutionNode = FALSE
	EndGlobalSection
	GlobalSection(ExtensibilityGlobals) = postSolution
		SolutionGuid = {F3BAAFC3-2E6E-499A-BF16-F0AA21849C48}
	EndGlobalSection
EndGlobal
